
Microsoft Visual Studio Solution File, Format Version 12.00
# Visual Studio Version 16
VisualStudioVersion = 16.0.29326.143
MinimumVisualStudioVersion = 10.0.40219.1
Project("{FAE04EC0-301F-11D3-BF4B-00C04F79EFBC}") = "PracticalExamDBMS", "PracticalExamDBMS\PracticalExamDBMS.csproj", "{9FF64113-0F6B-450A-9ED3-A954A8ECECBE}"
EndProject
Global
	GlobalSection(SolutionConfigurationPlatforms) = preSolution
		Debug|Any CPU = Debug|Any CPU
		Release|Any CPU = Release|Any CPU
	EndGlobalSection
	GlobalSection(ProjectConfigurationPlatforms) = postSolution
		{9FF64113-0F6B-450A-9ED3-A954A8ECECBE}.Debug|Any CPU.ActiveCfg = Debug|Any CPU
		{9FF64113-0F6B-450A-9ED3-A954A8ECECBE}.Debug|Any CPU.Build.0 = Debug|Any CPU
		{9FF64113-0F6B-450A-9ED3-A954A8ECECBE}.Release|Any CPU.ActiveCfg = Release|Any CPU
		{9FF64113-0F6B-450A-9ED3-A954A8ECECBE}.Release|Any CPU.Build.0 = Release|Any CPU
	EndGlobalSection
	GlobalSection(SolutionProperties) = preSolution
		HideSolutionNode = FALSE
	EndGlobalSection
	GlobalSection(ExtensibilityGlobals) = postSolution
		SolutionGuid = {6A073497-2D1C-40D9-AFD6-1E9A3439D198}
	EndGlobalSection
EndGlobal
