
Microsoft Visual Studio Solution File, Format Version 12.00
# Visual Studio Version 16
VisualStudioVersion = 16.0.29326.143
MinimumVisualStudioVersion = 10.0.40219.1
Project("{FAE04EC0-301F-11D3-BF4B-00C04F79EFBC}") = "Lab2", "Lab2\Lab2.csproj", "{9FC3BE9E-EC3E-4292-A888-00E388C33509}"
EndProject
Global
	GlobalSection(SolutionConfigurationPlatforms) = preSolution
		Debug|Any CPU = Debug|Any CPU
		Release|Any CPU = Release|Any CPU
	EndGlobalSection
	GlobalSection(ProjectConfigurationPlatforms) = postSolution
		{9FC3BE9E-EC3E-4292-A888-00E388C33509}.Debug|Any CPU.ActiveCfg = Debug|Any CPU
		{9FC3BE9E-EC3E-4292-A888-00E388C33509}.Debug|Any CPU.Build.0 = Debug|Any CPU
		{9FC3BE9E-EC3E-4292-A888-00E388C33509}.Release|Any CPU.ActiveCfg = Release|Any CPU
		{9FC3BE9E-EC3E-4292-A888-00E388C33509}.Release|Any CPU.Build.0 = Release|Any CPU
	EndGlobalSection
	GlobalSection(SolutionProperties) = preSolution
		HideSolutionNode = FALSE
	EndGlobalSection
	GlobalSection(ExtensibilityGlobals) = postSolution
		SolutionGuid = {819C36CA-C755-4A34-BAAB-00B0BE92592D}
	EndGlobalSection
EndGlobal
